# THIS IS AN AUTOGENERATED FILE. DO NOT EDIT THIS FILE DIRECTLY.
# yarn lockfile v1


"@algolia/autocomplete-core@1.9.3":
  version "1.9.3"
  resolved "https://registry.npmjs.org/@algolia/autocomplete-core/-/autocomplete-core-1.9.3.tgz"
  integrity sha512-009HdfugtGCdC4JdXUbVJClA0q0zh24yyePn+KUGk3rP7j8FEe/m5Yo/z65gn6nP/cM39PxpzqKrL7A6fP6PPw==
  dependencies:
    "@algolia/autocomplete-plugin-algolia-insights" "1.9.3"
    "@algolia/autocomplete-shared" "1.9.3"

"@algolia/autocomplete-plugin-algolia-insights@1.9.3":
  version "1.9.3"
  resolved "https://registry.npmjs.org/@algolia/autocomplete-plugin-algolia-insights/-/autocomplete-plugin-algolia-insights-1.9.3.tgz"
  integrity sha512-a/yTUkcO/Vyy+JffmAnTWbr4/90cLzw+CC3bRbhnULr/EM0fGNvM13oQQ14f2moLMcVDyAx/leczLlAOovhSZg==
  dependencies:
    "@algolia/autocomplete-shared" "1.9.3"

"@algolia/autocomplete-preset-algolia@1.9.3":
  version "1.9.3"
  resolved "https://registry.npmjs.org/@algolia/autocomplete-preset-algolia/-/autocomplete-preset-algolia-1.9.3.tgz"
  integrity sha512-d4qlt6YmrLMYy95n5TB52wtNDr6EgAIPH81dvvvW8UmuWRgxEtY0NJiPwl/h95JtG2vmRM804M0DSwMCNZlzRA==
  dependencies:
    "@algolia/autocomplete-shared" "1.9.3"

"@algolia/autocomplete-shared@1.9.3":
  version "1.9.3"
  resolved "https://registry.npmjs.org/@algolia/autocomplete-shared/-/autocomplete-shared-1.9.3.tgz"
  integrity sha512-Wnm9E4Ye6Rl6sTTqjoymD+l8DjSTHsHboVRYrKgEt8Q7UHm9nYbqhN/i0fhUYA3OAEH7WA8x3jfpnmJm3rKvaQ==

"@algolia/cache-browser-local-storage@4.24.0":
  version "4.24.0"
  resolved "https://registry.npmjs.org/@algolia/cache-browser-local-storage/-/cache-browser-local-storage-4.24.0.tgz"
  integrity sha512-t63W9BnoXVrGy9iYHBgObNXqYXM3tYXCjDSHeNwnsc324r4o5UiVKUiAB4THQ5z9U5hTj6qUvwg/Ez43ZD85ww==
  dependencies:
    "@algolia/cache-common" "4.24.0"

"@algolia/cache-common@4.24.0":
  version "4.24.0"
  resolved "https://registry.npmjs.org/@algolia/cache-common/-/cache-common-4.24.0.tgz"
  integrity sha512-emi+v+DmVLpMGhp0V9q9h5CdkURsNmFC+cOS6uK9ndeJm9J4TiqSvPYVu+THUP8P/S08rxf5x2P+p3CfID0Y4g==

"@algolia/cache-in-memory@4.24.0":
  version "4.24.0"
  resolved "https://registry.npmjs.org/@algolia/cache-in-memory/-/cache-in-memory-4.24.0.tgz"
  integrity sha512-gDrt2so19jW26jY3/MkFg5mEypFIPbPoXsQGQWAi6TrCPsNOSEYepBMPlucqWigsmEy/prp5ug2jy/N3PVG/8w==
  dependencies:
    "@algolia/cache-common" "4.24.0"

"@algolia/client-account@4.24.0":
  version "4.24.0"
  resolved "https://registry.npmjs.org/@algolia/client-account/-/client-account-4.24.0.tgz"
  integrity sha512-adcvyJ3KjPZFDybxlqnf+5KgxJtBjwTPTeyG2aOyoJvx0Y8dUQAEOEVOJ/GBxX0WWNbmaSrhDURMhc+QeevDsA==
  dependencies:
    "@algolia/client-common" "4.24.0"
    "@algolia/client-search" "4.24.0"
    "@algolia/transporter" "4.24.0"

"@algolia/client-analytics@4.24.0":
  version "4.24.0"
  resolved "https://registry.npmjs.org/@algolia/client-analytics/-/client-analytics-4.24.0.tgz"
  integrity sha512-y8jOZt1OjwWU4N2qr8G4AxXAzaa8DBvyHTWlHzX/7Me1LX8OayfgHexqrsL4vSBcoMmVw2XnVW9MhL+Y2ZDJXg==
  dependencies:
    "@algolia/client-common" "4.24.0"
    "@algolia/client-search" "4.24.0"
    "@algolia/requester-common" "4.24.0"
    "@algolia/transporter" "4.24.0"

"@algolia/client-common@4.24.0":
  version "4.24.0"
  resolved "https://registry.npmjs.org/@algolia/client-common/-/client-common-4.24.0.tgz"
  integrity sha512-bc2ROsNL6w6rqpl5jj/UywlIYC21TwSSoFHKl01lYirGMW+9Eek6r02Tocg4gZ8HAw3iBvu6XQiM3BEbmEMoiA==
  dependencies:
    "@algolia/requester-common" "4.24.0"
    "@algolia/transporter" "4.24.0"

"@algolia/client-common@5.5.3":
  version "5.5.3"
  resolved "https://registry.npmjs.org/@algolia/client-common/-/client-common-5.5.3.tgz"
  integrity sha512-3rdSdreBL2LGYu4DWmUGlMhaGy1vy36Xp42LdbTFsW/y3bhW5viptMHI5A3PKT0hPEMZUn+te1iM/EWvLUuVGQ==

"@algolia/client-personalization@4.24.0":
  version "4.24.0"
  resolved "https://registry.npmjs.org/@algolia/client-personalization/-/client-personalization-4.24.0.tgz"
  integrity sha512-l5FRFm/yngztweU0HdUzz1rC4yoWCFo3IF+dVIVTfEPg906eZg5BOd1k0K6rZx5JzyyoP4LdmOikfkfGsKVE9w==
  dependencies:
    "@algolia/client-common" "4.24.0"
    "@algolia/requester-common" "4.24.0"
    "@algolia/transporter" "4.24.0"

"@algolia/client-search@>= 4.9.1 < 6":
  version "5.5.3"
  resolved "https://registry.npmjs.org/@algolia/client-search/-/client-search-5.5.3.tgz"
  integrity sha512-qrokD+uoNxchbiF9aP8niQd/9SZ6BgYg4WaesFaubHhr9DFvwGm4IePEMha8vQcc3fSsY6uL+gOtKB3J6RF0NQ==
  dependencies:
    "@algolia/client-common" "5.5.3"
    "@algolia/requester-browser-xhr" "5.5.3"
    "@algolia/requester-fetch" "5.5.3"
    "@algolia/requester-node-http" "5.5.3"

"@algolia/client-search@4.24.0":
  version "4.24.0"
  resolved "https://registry.npmjs.org/@algolia/client-search/-/client-search-4.24.0.tgz"
  integrity sha512-uRW6EpNapmLAD0mW47OXqTP8eiIx5F6qN9/x/7HHO6owL3N1IXqydGwW5nhDFBrV+ldouro2W1VX3XlcUXEFCA==
  dependencies:
    "@algolia/client-common" "4.24.0"
    "@algolia/requester-common" "4.24.0"
    "@algolia/transporter" "4.24.0"

"@algolia/logger-common@4.24.0":
  version "4.24.0"
  resolved "https://registry.npmjs.org/@algolia/logger-common/-/logger-common-4.24.0.tgz"
  integrity sha512-LLUNjkahj9KtKYrQhFKCzMx0BY3RnNP4FEtO+sBybCjJ73E8jNdaKJ/Dd8A/VA4imVHP5tADZ8pn5B8Ga/wTMA==

"@algolia/logger-console@4.24.0":
  version "4.24.0"
  resolved "https://registry.npmjs.org/@algolia/logger-console/-/logger-console-4.24.0.tgz"
  integrity sha512-X4C8IoHgHfiUROfoRCV+lzSy+LHMgkoEEU1BbKcsfnV0i0S20zyy0NLww9dwVHUWNfPPxdMU+/wKmLGYf96yTg==
  dependencies:
    "@algolia/logger-common" "4.24.0"

"@algolia/recommend@4.24.0":
  version "4.24.0"
  resolved "https://registry.npmjs.org/@algolia/recommend/-/recommend-4.24.0.tgz"
  integrity sha512-P9kcgerfVBpfYHDfVZDvvdJv0lEoCvzNlOy2nykyt5bK8TyieYyiD0lguIJdRZZYGre03WIAFf14pgE+V+IBlw==
  dependencies:
    "@algolia/cache-browser-local-storage" "4.24.0"
    "@algolia/cache-common" "4.24.0"
    "@algolia/cache-in-memory" "4.24.0"
    "@algolia/client-common" "4.24.0"
    "@algolia/client-search" "4.24.0"
    "@algolia/logger-common" "4.24.0"
    "@algolia/logger-console" "4.24.0"
    "@algolia/requester-browser-xhr" "4.24.0"
    "@algolia/requester-common" "4.24.0"
    "@algolia/requester-node-http" "4.24.0"
    "@algolia/transporter" "4.24.0"

"@algolia/requester-browser-xhr@4.24.0":
  version "4.24.0"
  resolved "https://registry.npmjs.org/@algolia/requester-browser-xhr/-/requester-browser-xhr-4.24.0.tgz"
  integrity sha512-Z2NxZMb6+nVXSjF13YpjYTdvV3032YTBSGm2vnYvYPA6mMxzM3v5rsCiSspndn9rzIW4Qp1lPHBvuoKJV6jnAA==
  dependencies:
    "@algolia/requester-common" "4.24.0"

"@algolia/requester-browser-xhr@5.5.3":
  version "5.5.3"
  resolved "https://registry.npmjs.org/@algolia/requester-browser-xhr/-/requester-browser-xhr-5.5.3.tgz"
  integrity sha512-LsfUPokiXEpvlYF7SwNjyyjkUX7IoW7oIhH6WkDUD4PCfEZkFbVplGQA0UrCiWOAbpb25P7mmP6+ldwjwqW6Kg==
  dependencies:
    "@algolia/client-common" "5.5.3"

"@algolia/requester-common@4.24.0":
  version "4.24.0"
  resolved "https://registry.npmjs.org/@algolia/requester-common/-/requester-common-4.24.0.tgz"
  integrity sha512-k3CXJ2OVnvgE3HMwcojpvY6d9kgKMPRxs/kVohrwF5WMr2fnqojnycZkxPoEg+bXm8fi5BBfFmOqgYztRtHsQA==

"@algolia/requester-fetch@5.5.3":
  version "5.5.3"
  resolved "https://registry.npmjs.org/@algolia/requester-fetch/-/requester-fetch-5.5.3.tgz"
  integrity sha512-RKaliEFHtVeD/fMxwrApkcI6ZxR+mU6pZna29r3NwVMpCXTJWWtlMpQmbr1RHzUsaAlpfv9pfGJN4nYPE8XWEg==
  dependencies:
    "@algolia/client-common" "5.5.3"

"@algolia/requester-node-http@4.24.0":
  version "4.24.0"
  resolved "https://registry.npmjs.org/@algolia/requester-node-http/-/requester-node-http-4.24.0.tgz"
  integrity sha512-JF18yTjNOVYvU/L3UosRcvbPMGT9B+/GQWNWnenIImglzNVGpyzChkXLnrSf6uxwVNO6ESGu6oN8MqcGQcjQJw==
  dependencies:
    "@algolia/requester-common" "4.24.0"

"@algolia/requester-node-http@5.5.3":
  version "5.5.3"
  resolved "https://registry.npmjs.org/@algolia/requester-node-http/-/requester-node-http-5.5.3.tgz"
  integrity sha512-2wU+HlTVrVce7BMW2b3Gd62btk8B0jBbuKYYzu3OFeBD/aZa88eHABtjcjQCdw3x+wvkIPEc56UsZx9eHYLebg==
  dependencies:
    "@algolia/client-common" "5.5.3"

"@algolia/transporter@4.24.0":
  version "4.24.0"
  resolved "https://registry.npmjs.org/@algolia/transporter/-/transporter-4.24.0.tgz"
  integrity sha512-86nI7w6NzWxd1Zp9q3413dRshDqAzSbsQjhcDhPIatEFiZrL1/TjnHL8S7jVKFePlIMzDsZWXAXwXzcok9c5oA==
  dependencies:
    "@algolia/cache-common" "4.24.0"
    "@algolia/logger-common" "4.24.0"
    "@algolia/requester-common" "4.24.0"

"@babel/helper-string-parser@^7.24.8":
  version "7.24.8"
  resolved "https://registry.npmjs.org/@babel/helper-string-parser/-/helper-string-parser-7.24.8.tgz"
  integrity sha512-pO9KhhRcuUyGnJWwyEgnRJTSIZHiT+vMD0kPeD+so0l7mxkMT19g3pjY9GTnHySck/hDzq+dtW/4VgnMkippsQ==

"@babel/helper-validator-identifier@^7.24.7":
  version "7.24.7"
  resolved "https://registry.npmjs.org/@babel/helper-validator-identifier/-/helper-validator-identifier-7.24.7.tgz"
  integrity sha512-rR+PBcQ1SMQDDyF6X0wxtG8QyLCgUB0eRAGguqRLfkCA87l7yAP7ehq8SNj96OOGTO8OBV70KhuFYcIkHXOg0w==

"@babel/parser@^7.25.3":
  version "7.25.6"
  resolved "https://registry.npmjs.org/@babel/parser/-/parser-7.25.6.tgz"
  integrity sha512-trGdfBdbD0l1ZPmcJ83eNxB9rbEax4ALFTF7fN386TMYbeCQbyme5cOEXQhbGXKebwGaB/J52w1mrklMcbgy6Q==
  dependencies:
    "@babel/types" "^7.25.6"

"@babel/types@^7.25.6":
  version "7.25.6"
  resolved "https://registry.npmjs.org/@babel/types/-/types-7.25.6.tgz"
  integrity sha512-/l42B1qxpG6RdfYf343Uw1vmDjeNhneUXtzhojE7pDgfpEypmRhI6j1kr17XCVv4Cgl9HdAiQY2x0GwKm7rWCw==
  dependencies:
    "@babel/helper-string-parser" "^7.24.8"
    "@babel/helper-validator-identifier" "^7.24.7"
    to-fast-properties "^2.0.0"

"@docsearch/css@^3.6.1", "@docsearch/css@3.6.1":
  version "3.6.1"
  resolved "https://registry.npmjs.org/@docsearch/css/-/css-3.6.1.tgz"
  integrity sha512-VtVb5DS+0hRIprU2CO6ZQjK2Zg4QU5HrDM1+ix6rT0umsYvFvatMAnf97NHZlVWDaaLlx7GRfR/7FikANiM2Fg==

"@docsearch/js@^3.6.1":
  version "3.6.1"
  resolved "https://registry.npmjs.org/@docsearch/js/-/js-3.6.1.tgz"
  integrity sha512-erI3RRZurDr1xES5hvYJ3Imp7jtrXj6f1xYIzDzxiS7nNBufYWPbJwrmMqWC5g9y165PmxEmN9pklGCdLi0Iqg==
  dependencies:
    "@docsearch/react" "3.6.1"
    preact "^10.0.0"

"@docsearch/react@3.6.1":
  version "3.6.1"
  resolved "https://registry.npmjs.org/@docsearch/react/-/react-3.6.1.tgz"
  integrity sha512-qXZkEPvybVhSXj0K7U3bXc233tk5e8PfhoZ6MhPOiik/qUQxYC+Dn9DnoS7CxHQQhHfCvTiN0eY9M12oRghEXw==
  dependencies:
    "@algolia/autocomplete-core" "1.9.3"
    "@algolia/autocomplete-preset-algolia" "1.9.3"
    "@docsearch/css" "3.6.1"
    algoliasearch "^4.19.1"

"@esbuild/darwin-arm64@0.21.5":
  version "0.21.5"
  resolved "https://registry.npmjs.org/@esbuild/darwin-arm64/-/darwin-arm64-0.21.5.tgz"
  integrity sha512-DwqXqZyuk5AiWWf3UfLiRDJ5EDd49zg6O9wclZ7kUMv2WRFr4HKjXp/5t8JZ11QbQfUS6/cRCKGwYhtNAY88kQ==

"@jridgewell/sourcemap-codec@^1.5.0":
  version "1.5.0"
  resolved "https://registry.npmjs.org/@jridgewell/sourcemap-codec/-/sourcemap-codec-1.5.0.tgz"
  integrity sha512-gv3ZRaISU3fjPAgNsriBRqGWQL6quFx04YMPW/zD8XMLsU32mhCCbfbO6KZFLjvYpCZ8zyDEgqsgf+PwPaM7GQ==

"@rollup/rollup-darwin-arm64@4.22.4":
  version "4.22.4"
  resolved "https://registry.npmjs.org/@rollup/rollup-darwin-arm64/-/rollup-darwin-arm64-4.22.4.tgz"
  integrity sha512-xMM9ORBqu81jyMKCDP+SZDhnX2QEVQzTcC6G18KlTQEzWK8r/oNZtKuZaCcHhnsa6fEeOBionoyl5JsAbE/36Q==

"@shikijs/core@^1.13.0", "@shikijs/core@1.18.0":
  version "1.18.0"
  resolved "https://registry.npmjs.org/@shikijs/core/-/core-1.18.0.tgz"
  integrity sha512-VK4BNVCd2leY62Nm2JjyxtRLkyrZT/tv104O81eyaCjHq4Adceq2uJVFJJAIof6lT1mBwZrEo2qT/T+grv3MQQ==
  dependencies:
    "@shikijs/engine-javascript" "1.18.0"
    "@shikijs/engine-oniguruma" "1.18.0"
    "@shikijs/types" "1.18.0"
    "@shikijs/vscode-textmate" "^9.2.2"
    "@types/hast" "^3.0.4"
    hast-util-to-html "^9.0.3"

"@shikijs/engine-javascript@1.18.0":
  version "1.18.0"
  resolved "https://registry.npmjs.org/@shikijs/engine-javascript/-/engine-javascript-1.18.0.tgz"
  integrity sha512-qoP/aO/ATNwYAUw1YMdaip/YVEstMZEgrwhePm83Ll9OeQPuxDZd48szZR8oSQNQBT8m8UlWxZv8EA3lFuyI5A==
  dependencies:
    "@shikijs/types" "1.18.0"
    "@shikijs/vscode-textmate" "^9.2.2"
    oniguruma-to-js "0.4.3"

"@shikijs/engine-oniguruma@1.18.0":
  version "1.18.0"
  resolved "https://registry.npmjs.org/@shikijs/engine-oniguruma/-/engine-oniguruma-1.18.0.tgz"
  integrity sha512-B9u0ZKI/cud+TcmF8Chyh+R4V5qQVvyDOqXC2l2a4x73PBSBc6sZ0JRAX3eqyJswqir6ktwApUUGBYePdKnMJg==
  dependencies:
    "@shikijs/types" "1.18.0"
    "@shikijs/vscode-textmate" "^9.2.2"

"@shikijs/transformers@^1.13.0":
  version "1.18.0"
  resolved "https://registry.npmjs.org/@shikijs/transformers/-/transformers-1.18.0.tgz"
  integrity sha512-EdX/UIVaaS8qp9NWRyHIXp2dmuLpdVvx+UVpbIn9eafFlLemAuljPb2+K40ie6jrlg0uUIqkg25CM/8I34yBNw==
  dependencies:
    shiki "1.18.0"

"@shikijs/types@1.18.0":
  version "1.18.0"
  resolved "https://registry.npmjs.org/@shikijs/types/-/types-1.18.0.tgz"
  integrity sha512-O9N36UEaGGrxv1yUrN2nye7gDLG5Uq0/c1LyfmxsvzNPqlHzWo9DI0A4+fhW2y3bGKuQu/fwS7EPdKJJCowcVA==
  dependencies:
    "@shikijs/vscode-textmate" "^9.2.2"
    "@types/hast" "^3.0.4"

"@shikijs/vscode-textmate@^9.2.2":
  version "9.2.2"
  resolved "https://registry.npmjs.org/@shikijs/vscode-textmate/-/vscode-textmate-9.2.2.tgz"
  integrity sha512-TMp15K+GGYrWlZM8+Lnj9EaHEFmOen0WJBrfa17hF7taDOYthuPPV0GWzfd/9iMij0akS/8Yw2ikquH7uVi/fg==

"@types/estree@1.0.5":
  version "1.0.5"
  resolved "https://registry.npmjs.org/@types/estree/-/estree-1.0.5.tgz"
  integrity sha512-/kYRxGDLWzHOB7q+wtSUQlFrtcdUccpfy+X+9iMBpHK8QLLhx2wIPYuS5DYtR9Wa/YlZAbIovy7qVdB1Aq6Lyw==

"@types/hast@^3.0.0", "@types/hast@^3.0.4":
  version "3.0.4"
  resolved "https://registry.npmjs.org/@types/hast/-/hast-3.0.4.tgz"
  integrity sha512-WPs+bbQw5aCj+x6laNGWLH3wviHtoCv/P3+otBhbOhJgG8qtpdAMlTCxLtsTWA7LH1Oh/bFCHsBn0TPS5m30EQ==
  dependencies:
    "@types/unist" "*"

"@types/linkify-it@^5":
  version "5.0.0"
  resolved "https://registry.npmjs.org/@types/linkify-it/-/linkify-it-5.0.0.tgz"
  integrity sha512-sVDA58zAw4eWAffKOaQH5/5j3XeayukzDk+ewSsnv3p4yJEZHCCzMDiZM8e0OUrRvmpGZ85jf4yDHkHsgBNr9Q==

"@types/markdown-it@^14.1.2":
  version "14.1.2"
  resolved "https://registry.npmjs.org/@types/markdown-it/-/markdown-it-14.1.2.tgz"
  integrity sha512-promo4eFwuiW+TfGxhi+0x3czqTYJkG8qB17ZUJiVF10Xm7NLVRSLUsfRTU/6h1e24VvRnXCx+hG7li58lkzog==
  dependencies:
    "@types/linkify-it" "^5"
    "@types/mdurl" "^2"

"@types/mdast@^4.0.0":
  version "4.0.4"
  resolved "https://registry.npmjs.org/@types/mdast/-/mdast-4.0.4.tgz"
  integrity sha512-kGaNbPh1k7AFzgpud/gMdvIm5xuECykRR+JnWKQno9TAXVa6WIVCGTPvYGekIDL4uwCZQSYbUxNBSb1aUo79oA==
  dependencies:
    "@types/unist" "*"

"@types/mdurl@^2":
  version "2.0.0"
  resolved "https://registry.npmjs.org/@types/mdurl/-/mdurl-2.0.0.tgz"
  integrity sha512-RGdgjQUZba5p6QEFAVx2OGb8rQDL/cPRG7GiedRzMcJ1tYnUANBncjbSB1NRGwbvjcPeikRABz2nshyPk1bhWg==

"@types/unist@*", "@types/unist@^3.0.0":
  version "3.0.3"
  resolved "https://registry.npmjs.org/@types/unist/-/unist-3.0.3.tgz"
  integrity sha512-ko/gIFJRv177XgZsZcBwnqJN5x/Gien8qNOn0D5bQU/zAzVf9Zt3BlcUiLqhV9y4ARk0GbT3tnUiPNgnTXzc/Q==

"@types/web-bluetooth@^0.0.20":
  version "0.0.20"
  resolved "https://registry.npmjs.org/@types/web-bluetooth/-/web-bluetooth-0.0.20.tgz"
  integrity sha512-g9gZnnXVq7gM7v3tJCWV/qw7w+KeOlSHAhgF9RytFyifW6AF61hdT2ucrYhPq9hLs5JIryeupHV3qGk95dH9ow==

"@ungap/structured-clone@^1.0.0":
  version "1.2.0"
  resolved "https://registry.npmjs.org/@ungap/structured-clone/-/structured-clone-1.2.0.tgz"
  integrity sha512-zuVdFrMJiuCDQUMCzQaD6KL28MjnqqN8XnAqiEq9PNm/hCPTSGfrXCOfwj1ow4LFb/tNymJPwsNbVePc1xFqrQ==

"@vitejs/plugin-vue@^5.1.2":
  version "5.1.4"
  resolved "https://registry.npmjs.org/@vitejs/plugin-vue/-/plugin-vue-5.1.4.tgz"
  integrity sha512-N2XSI2n3sQqp5w7Y/AN/L2XDjBIRGqXko+eDp42sydYSBeJuSm5a1sLf8zakmo8u7tA8NmBgoDLA1HeOESjp9A==

"@vue/compiler-core@3.5.8":
  version "3.5.8"
  resolved "https://registry.npmjs.org/@vue/compiler-core/-/compiler-core-3.5.8.tgz"
  integrity sha512-Uzlxp91EPjfbpeO5KtC0KnXPkuTfGsNDeaKQJxQN718uz+RqDYarEf7UhQJGK+ZYloD2taUbHTI2J4WrUaZQNA==
  dependencies:
    "@babel/parser" "^7.25.3"
    "@vue/shared" "3.5.8"
    entities "^4.5.0"
    estree-walker "^2.0.2"
    source-map-js "^1.2.0"

"@vue/compiler-dom@3.5.8":
  version "3.5.8"
  resolved "https://registry.npmjs.org/@vue/compiler-dom/-/compiler-dom-3.5.8.tgz"
  integrity sha512-GUNHWvoDSbSa5ZSHT9SnV5WkStWfzJwwTd6NMGzilOE/HM5j+9EB9zGXdtu/fCNEmctBqMs6C9SvVPpVPuk1Eg==
  dependencies:
    "@vue/compiler-core" "3.5.8"
    "@vue/shared" "3.5.8"

"@vue/compiler-sfc@3.5.8":
  version "3.5.8"
  resolved "https://registry.npmjs.org/@vue/compiler-sfc/-/compiler-sfc-3.5.8.tgz"
  integrity sha512-taYpngQtSysrvO9GULaOSwcG5q821zCoIQBtQQSx7Uf7DxpR6CIHR90toPr9QfDD2mqHQPCSgoWBvJu0yV9zjg==
  dependencies:
    "@babel/parser" "^7.25.3"
    "@vue/compiler-core" "3.5.8"
    "@vue/compiler-dom" "3.5.8"
    "@vue/compiler-ssr" "3.5.8"
    "@vue/shared" "3.5.8"
    estree-walker "^2.0.2"
    magic-string "^0.30.11"
    postcss "^8.4.47"
    source-map-js "^1.2.0"

"@vue/compiler-ssr@3.5.8":
  version "3.5.8"
  resolved "https://registry.npmjs.org/@vue/compiler-ssr/-/compiler-ssr-3.5.8.tgz"
  integrity sha512-W96PtryNsNG9u0ZnN5Q5j27Z/feGrFV6zy9q5tzJVyJaLiwYxvC0ek4IXClZygyhjm+XKM7WD9pdKi/wIRVC/Q==
  dependencies:
    "@vue/compiler-dom" "3.5.8"
    "@vue/shared" "3.5.8"

"@vue/devtools-api@^7.3.8":
  version "7.4.6"
  resolved "https://registry.npmjs.org/@vue/devtools-api/-/devtools-api-7.4.6.tgz"
  integrity sha512-XipBV5k0/IfTr0sNBDTg7OBUCp51cYMMXyPxLXJZ4K/wmUeMqt8cVdr2ZZGOFq+si/jTyCYnNxeKoyev5DOUUA==
  dependencies:
    "@vue/devtools-kit" "^7.4.6"

"@vue/devtools-kit@^7.4.6":
  version "7.4.6"
  resolved "https://registry.npmjs.org/@vue/devtools-kit/-/devtools-kit-7.4.6.tgz"
  integrity sha512-NbYBwPWgEic1AOd9bWExz9weBzFdjiIfov0yRn4DrRfR+EQJCI9dn4I0XS7IxYGdkmUJi8mFW42LLk18WsGqew==
  dependencies:
    "@vue/devtools-shared" "^7.4.6"
    birpc "^0.2.17"
    hookable "^5.5.3"
    mitt "^3.0.1"
    perfect-debounce "^1.0.0"
    speakingurl "^14.0.1"
    superjson "^2.2.1"

"@vue/devtools-shared@^7.4.6":
  version "7.4.6"
  resolved "https://registry.npmjs.org/@vue/devtools-shared/-/devtools-shared-7.4.6.tgz"
  integrity sha512-rPeSBzElnHYMB05Cc056BQiJpgocQjY8XVulgni+O9a9Gr9tNXgPteSzFFD+fT/iWMxNuUgGKs9CuW5DZewfIg==
  dependencies:
    rfdc "^1.4.1"

"@vue/reactivity@3.5.8":
  version "3.5.8"
  resolved "https://registry.npmjs.org/@vue/reactivity/-/reactivity-3.5.8.tgz"
  integrity sha512-mlgUyFHLCUZcAYkqvzYnlBRCh0t5ZQfLYit7nukn1GR96gc48Bp4B7OIcSfVSvlG1k3BPfD+p22gi1t2n9tsXg==
  dependencies:
    "@vue/shared" "3.5.8"

"@vue/runtime-core@3.5.8":
  version "3.5.8"
  resolved "https://registry.npmjs.org/@vue/runtime-core/-/runtime-core-3.5.8.tgz"
  integrity sha512-fJuPelh64agZ8vKkZgp5iCkPaEqFJsYzxLk9vSC0X3G8ppknclNDr61gDc45yBGTaN5Xqc1qZWU3/NoaBMHcjQ==
  dependencies:
    "@vue/reactivity" "3.5.8"
    "@vue/shared" "3.5.8"

"@vue/runtime-dom@3.5.8":
  version "3.5.8"
  resolved "https://registry.npmjs.org/@vue/runtime-dom/-/runtime-dom-3.5.8.tgz"
  integrity sha512-DpAUz+PKjTZPUOB6zJgkxVI3GuYc2iWZiNeeHQUw53kdrparSTG6HeXUrYDjaam8dVsCdvQxDz6ZWxnyjccUjQ==
  dependencies:
    "@vue/reactivity" "3.5.8"
    "@vue/runtime-core" "3.5.8"
    "@vue/shared" "3.5.8"
    csstype "^3.1.3"

"@vue/server-renderer@3.5.8":
  version "3.5.8"
  resolved "https://registry.npmjs.org/@vue/server-renderer/-/server-renderer-3.5.8.tgz"
  integrity sha512-7AmC9/mEeV9mmXNVyUIm1a1AjUhyeeGNbkLh39J00E7iPeGks8OGRB5blJiMmvqSh8SkaS7jkLWSpXtxUCeagA==
  dependencies:
    "@vue/compiler-ssr" "3.5.8"
    "@vue/shared" "3.5.8"

"@vue/shared@^3.4.38", "@vue/shared@3.5.8":
  version "3.5.8"
  resolved "https://registry.npmjs.org/@vue/shared/-/shared-3.5.8.tgz"
  integrity sha512-mJleSWbAGySd2RJdX1RBtcrUBX6snyOc0qHpgk3lGi4l9/P/3ny3ELqFWqYdkXIwwNN/kdm8nD9ky8o6l/Lx2A==

"@vueuse/core@^11.0.0", "@vueuse/core@11.1.0":
  version "11.1.0"
  resolved "https://registry.npmjs.org/@vueuse/core/-/core-11.1.0.tgz"
  integrity sha512-P6dk79QYA6sKQnghrUz/1tHi0n9mrb/iO1WTMk/ElLmTyNqgDeSZ3wcDf6fRBGzRJbeG1dxzEOvLENMjr+E3fg==
  dependencies:
    "@types/web-bluetooth" "^0.0.20"
    "@vueuse/metadata" "11.1.0"
    "@vueuse/shared" "11.1.0"
    vue-demi ">=0.14.10"

"@vueuse/integrations@^11.0.0":
  version "11.1.0"
  resolved "https://registry.npmjs.org/@vueuse/integrations/-/integrations-11.1.0.tgz"
  integrity sha512-O2ZgrAGPy0qAjpoI2YR3egNgyEqwG85fxfwmA9BshRIGjV4G6yu6CfOPpMHAOoCD+UfsIl7Vb1bXJ6ifrHYDDA==
  dependencies:
    "@vueuse/core" "11.1.0"
    "@vueuse/shared" "11.1.0"
    vue-demi ">=0.14.10"

"@vueuse/metadata@11.1.0":
  version "11.1.0"
  resolved "https://registry.npmjs.org/@vueuse/metadata/-/metadata-11.1.0.tgz"
  integrity sha512-l9Q502TBTaPYGanl1G+hPgd3QX5s4CGnpXriVBR5fEZ/goI6fvDaVmIl3Td8oKFurOxTmbXvBPSsgrd6eu6HYg==

"@vueuse/shared@11.1.0":
  version "11.1.0"
  resolved "https://registry.npmjs.org/@vueuse/shared/-/shared-11.1.0.tgz"
  integrity sha512-YUtIpY122q7osj+zsNMFAfMTubGz0sn5QzE5gPzAIiCmtt2ha3uQUY1+JPyL4gRCTsLPX82Y9brNbo/aqlA91w==
  dependencies:
    vue-demi ">=0.14.10"

algoliasearch@^4.19.1, "algoliasearch@>= 4.9.1 < 6":
  version "4.24.0"
  resolved "https://registry.npmjs.org/algoliasearch/-/algoliasearch-4.24.0.tgz"
  integrity sha512-bf0QV/9jVejssFBmz2HQLxUadxk574t4iwjCKp5E7NBzwKkrDEhKPISIIjAU/p6K5qDx3qoeh4+26zWN1jmw3g==
  dependencies:
    "@algolia/cache-browser-local-storage" "4.24.0"
    "@algolia/cache-common" "4.24.0"
    "@algolia/cache-in-memory" "4.24.0"
    "@algolia/client-account" "4.24.0"
    "@algolia/client-analytics" "4.24.0"
    "@algolia/client-common" "4.24.0"
    "@algolia/client-personalization" "4.24.0"
    "@algolia/client-search" "4.24.0"
    "@algolia/logger-common" "4.24.0"
    "@algolia/logger-console" "4.24.0"
    "@algolia/recommend" "4.24.0"
    "@algolia/requester-browser-xhr" "4.24.0"
    "@algolia/requester-common" "4.24.0"
    "@algolia/requester-node-http" "4.24.0"
    "@algolia/transporter" "4.24.0"

birpc@^0.2.17:
  version "0.2.17"
  resolved "https://registry.npmjs.org/birpc/-/birpc-0.2.17.tgz"
  integrity sha512-+hkTxhot+dWsLpp3gia5AkVHIsKlZybNT5gIYiDlNzJrmYPcTM9k5/w2uaj3IPpd7LlEYpmCj4Jj1nC41VhDFg==

ccount@^2.0.0:
  version "2.0.1"
  resolved "https://registry.npmjs.org/ccount/-/ccount-2.0.1.tgz"
  integrity sha512-eyrF0jiFpY+3drT6383f1qhkbGsLSifNAjA61IUjZjmLCWjItY6LB9ft9YhoDgwfmclB2zhu51Lc7+95b8NRAg==

character-entities-html4@^2.0.0:
  version "2.1.0"
  resolved "https://registry.npmjs.org/character-entities-html4/-/character-entities-html4-2.1.0.tgz"
  integrity sha512-1v7fgQRj6hnSwFpq1Eu0ynr/CDEw0rXo2B61qXrLNdHZmPKgb7fqS1a2JwF0rISo9q77jDI8VMEHoApn8qDoZA==

character-entities-legacy@^3.0.0:
  version "3.0.0"
  resolved "https://registry.npmjs.org/character-entities-legacy/-/character-entities-legacy-3.0.0.tgz"
  integrity sha512-RpPp0asT/6ufRm//AJVwpViZbGM/MkjQFxJccQRHmISF/22NBtsHqAWmL+/pmkPWoIUJdWyeVleTl1wydHATVQ==

comma-separated-tokens@^2.0.0:
  version "2.0.3"
  resolved "https://registry.npmjs.org/comma-separated-tokens/-/comma-separated-tokens-2.0.3.tgz"
  integrity sha512-Fu4hJdvzeylCfQPp9SGWidpzrMs7tTrlu6Vb8XGaRGck8QSNZJJp538Wrb60Lax4fPwR64ViY468OIUTbRlGZg==

copy-anything@^3.0.2:
  version "3.0.5"
  resolved "https://registry.npmjs.org/copy-anything/-/copy-anything-3.0.5.tgz"
  integrity sha512-yCEafptTtb4bk7GLEQoM8KVJpxAfdBJYaXyzQEgQQQgYrZiDp8SJmGKlYza6CYjEDNstAdNdKA3UuoULlEbS6w==
  dependencies:
    is-what "^4.1.8"

csstype@^3.1.3:
  version "3.1.3"
  resolved "https://registry.npmjs.org/csstype/-/csstype-3.1.3.tgz"
  integrity sha512-M1uQkMl8rQK/szD0LNhtqxIPLpimGm8sOBwU7lLnCpSbTyY3yeU1Vc7l4KT5zT4s/yOxHH5O7tIuuLOCnLADRw==

dequal@^2.0.0:
  version "2.0.3"
  resolved "https://registry.npmjs.org/dequal/-/dequal-2.0.3.tgz"
  integrity sha512-0je+qPKHEMohvfRTCEo3CrPG6cAzAYgmzKyxRiYSSDkS6eGJdyVJm7WaYA5ECaAD9wLB2T4EEeymA5aFVcYXCA==

devlop@^1.0.0:
  version "1.1.0"
  resolved "https://registry.npmjs.org/devlop/-/devlop-1.1.0.tgz"
  integrity sha512-RWmIqhcFf1lRYBvNmr7qTNuyCt/7/ns2jbpp1+PalgE/rDQcBT0fioSMUpJ93irlUhC5hrg4cYqe6U+0ImW0rA==
  dependencies:
    dequal "^2.0.0"

entities@^4.5.0:
  version "4.5.0"
  resolved "https://registry.npmjs.org/entities/-/entities-4.5.0.tgz"
  integrity sha512-V0hjH4dGPh9Ao5p0MoRY6BVqtwCjhz6vI5LT8AJ55H+4g9/4vbHx1I54fS0XuclLhDHArPQCiMjDxjaL8fPxhw==

esbuild@^0.21.3:
  version "0.21.5"
  resolved "https://registry.npmjs.org/esbuild/-/esbuild-0.21.5.tgz"
  integrity sha512-mg3OPMV4hXywwpoDxu3Qda5xCKQi+vCTZq8S9J/EpkhB2HzKXq4SNFZE3+NK93JYxc8VMSep+lOUSC/RVKaBqw==
  optionalDependencies:
    "@esbuild/aix-ppc64" "0.21.5"
    "@esbuild/android-arm" "0.21.5"
    "@esbuild/android-arm64" "0.21.5"
    "@esbuild/android-x64" "0.21.5"
    "@esbuild/darwin-arm64" "0.21.5"
    "@esbuild/darwin-x64" "0.21.5"
    "@esbuild/freebsd-arm64" "0.21.5"
    "@esbuild/freebsd-x64" "0.21.5"
    "@esbuild/linux-arm" "0.21.5"
    "@esbuild/linux-arm64" "0.21.5"
    "@esbuild/linux-ia32" "0.21.5"
    "@esbuild/linux-loong64" "0.21.5"
    "@esbuild/linux-mips64el" "0.21.5"
    "@esbuild/linux-ppc64" "0.21.5"
    "@esbuild/linux-riscv64" "0.21.5"
    "@esbuild/linux-s390x" "0.21.5"
    "@esbuild/linux-x64" "0.21.5"
    "@esbuild/netbsd-x64" "0.21.5"
    "@esbuild/openbsd-x64" "0.21.5"
    "@esbuild/sunos-x64" "0.21.5"
    "@esbuild/win32-arm64" "0.21.5"
    "@esbuild/win32-ia32" "0.21.5"
    "@esbuild/win32-x64" "0.21.5"

estree-walker@^2.0.2:
  version "2.0.2"
  resolved "https://registry.npmjs.org/estree-walker/-/estree-walker-2.0.2.tgz"
  integrity sha512-Rfkk/Mp/DL7JVje3u18FxFujQlTNR2q6QfMSMB7AvCBx91NGj/ba3kCfza0f6dVDbw7YlRf/nDrn7pQrCCyQ/w==

focus-trap@^7, focus-trap@^7.5.4:
  version "7.6.0"
  resolved "https://registry.npmjs.org/focus-trap/-/focus-trap-7.6.0.tgz"
  integrity sha512-1td0l3pMkWJLFipobUcGaf+5DTY4PLDDrcqoSaKP8ediO/CoWCCYk/fT/Y2A4e6TNB+Sh6clRJCjOPPnKoNHnQ==
  dependencies:
    tabbable "^6.2.0"

fsevents@~2.3.2, fsevents@~2.3.3:
  version "2.3.3"
  resolved "https://registry.npmjs.org/fsevents/-/fsevents-2.3.3.tgz"
  integrity sha512-5xoDfX+fL7faATnagmWPpbFtwh/R77WmMMqqHGS65C3vvB0YHrgF+B1YmZ3441tMj5n63k0212XNoJwzlhffQw==

hast-util-to-html@^9.0.3:
  version "9.0.3"
  resolved "https://registry.npmjs.org/hast-util-to-html/-/hast-util-to-html-9.0.3.tgz"
  integrity sha512-M17uBDzMJ9RPCqLMO92gNNUDuBSq10a25SDBI08iCCxmorf4Yy6sYHK57n9WAbRAAaU+DuR4W6GN9K4DFZesYg==
  dependencies:
    "@types/hast" "^3.0.0"
    "@types/unist" "^3.0.0"
    ccount "^2.0.0"
    comma-separated-tokens "^2.0.0"
    hast-util-whitespace "^3.0.0"
    html-void-elements "^3.0.0"
    mdast-util-to-hast "^13.0.0"
    property-information "^6.0.0"
    space-separated-tokens "^2.0.0"
    stringify-entities "^4.0.0"
    zwitch "^2.0.4"

hast-util-whitespace@^3.0.0:
  version "3.0.0"
  resolved "https://registry.npmjs.org/hast-util-whitespace/-/hast-util-whitespace-3.0.0.tgz"
  integrity sha512-88JUN06ipLwsnv+dVn+OIYOvAuvBMy/Qoi6O7mQHxdPXpjy+Cd6xRkWwux7DKO+4sYILtLBRIKgsdpS2gQc7qw==
  dependencies:
    "@types/hast" "^3.0.0"

hookable@^5.5.3:
  version "5.5.3"
  resolved "https://registry.npmjs.org/hookable/-/hookable-5.5.3.tgz"
  integrity sha512-Yc+BQe8SvoXH1643Qez1zqLRmbA5rCL+sSmk6TVos0LWVfNIB7PGncdlId77WzLGSIB5KaWgTaNTs2lNVEI6VQ==

html-void-elements@^3.0.0:
  version "3.0.0"
  resolved "https://registry.npmjs.org/html-void-elements/-/html-void-elements-3.0.0.tgz"
  integrity sha512-bEqo66MRXsUGxWHV5IP0PUiAWwoEjba4VCzg0LjFJBpchPaTfyfCKTG6bc5F8ucKec3q5y6qOdGyYTSBEvhCrg==

is-what@^4.1.8:
  version "4.1.16"
  resolved "https://registry.npmjs.org/is-what/-/is-what-4.1.16.tgz"
  integrity sha512-ZhMwEosbFJkA0YhFnNDgTM4ZxDRsS6HqTo7qsZM08fehyRYIYa0yHu5R6mgo1n/8MgaPBXiPimPD77baVFYg+A==

magic-string@^0.30.11:
  version "0.30.11"
  resolved "https://registry.npmjs.org/magic-string/-/magic-string-0.30.11.tgz"
  integrity sha512-+Wri9p0QHMy+545hKww7YAu5NyzF8iomPL/RQazugQ9+Ez4Ic3mERMd8ZTX5rfK944j+560ZJi8iAwgak1Ac7A==
  dependencies:
    "@jridgewell/sourcemap-codec" "^1.5.0"

mark.js@8.11.1:
  version "8.11.1"
  resolved "https://registry.npmjs.org/mark.js/-/mark.js-8.11.1.tgz"
  integrity sha512-1I+1qpDt4idfgLQG+BNWmrqku+7/2bi5nLf4YwF8y8zXvmfiTBY3PV3ZibfrjBueCByROpuBjLLFCajqkgYoLQ==

mdast-util-to-hast@^13.0.0:
  version "13.2.0"
  resolved "https://registry.npmjs.org/mdast-util-to-hast/-/mdast-util-to-hast-13.2.0.tgz"
  integrity sha512-QGYKEuUsYT9ykKBCMOEDLsU5JRObWQusAolFMeko/tYPufNkRffBAQjIE+99jbA87xv6FgmjLtwjh9wBWajwAA==
  dependencies:
    "@types/hast" "^3.0.0"
    "@types/mdast" "^4.0.0"
    "@ungap/structured-clone" "^1.0.0"
    devlop "^1.0.0"
    micromark-util-sanitize-uri "^2.0.0"
    trim-lines "^3.0.0"
    unist-util-position "^5.0.0"
    unist-util-visit "^5.0.0"
    vfile "^6.0.0"

micromark-util-character@^2.0.0:
  version "2.1.0"
  resolved "https://registry.npmjs.org/micromark-util-character/-/micromark-util-character-2.1.0.tgz"
  integrity sha512-KvOVV+X1yLBfs9dCBSopq/+G1PcgT3lAK07mC4BzXi5E7ahzMAF8oIupDDJ6mievI6F+lAATkbQQlQixJfT3aQ==
  dependencies:
    micromark-util-symbol "^2.0.0"
    micromark-util-types "^2.0.0"

micromark-util-encode@^2.0.0:
  version "2.0.0"
  resolved "https://registry.npmjs.org/micromark-util-encode/-/micromark-util-encode-2.0.0.tgz"
  integrity sha512-pS+ROfCXAGLWCOc8egcBvT0kf27GoWMqtdarNfDcjb6YLuV5cM3ioG45Ys2qOVqeqSbjaKg72vU+Wby3eddPsA==

micromark-util-sanitize-uri@^2.0.0:
  version "2.0.0"
  resolved "https://registry.npmjs.org/micromark-util-sanitize-uri/-/micromark-util-sanitize-uri-2.0.0.tgz"
  integrity sha512-WhYv5UEcZrbAtlsnPuChHUAsu/iBPOVaEVsntLBIdpibO0ddy8OzavZz3iL2xVvBZOpolujSliP65Kq0/7KIYw==
  dependencies:
    micromark-util-character "^2.0.0"
    micromark-util-encode "^2.0.0"
    micromark-util-symbol "^2.0.0"

micromark-util-symbol@^2.0.0:
  version "2.0.0"
  resolved "https://registry.npmjs.org/micromark-util-symbol/-/micromark-util-symbol-2.0.0.tgz"
  integrity sha512-8JZt9ElZ5kyTnO94muPxIGS8oyElRJaiJO8EzV6ZSyGQ1Is8xwl4Q45qU5UOg+bGH4AikWziz0iN4sFLWs8PGw==

micromark-util-types@^2.0.0:
  version "2.0.0"
  resolved "https://registry.npmjs.org/micromark-util-types/-/micromark-util-types-2.0.0.tgz"
  integrity sha512-oNh6S2WMHWRZrmutsRmDDfkzKtxF+bc2VxLC9dvtrDIRFln627VsFP6fLMgTryGDljgLPjkrzQSDcPrjPyDJ5w==

minisearch@^7.1.0:
  version "7.1.0"
  resolved "https://registry.npmjs.org/minisearch/-/minisearch-7.1.0.tgz"
  integrity sha512-tv7c/uefWdEhcu6hvrfTihflgeEi2tN6VV7HJnCjK6VxM75QQJh4t9FwJCsA2EsRS8LCnu3W87CuGPWMocOLCA==

mitt@^3.0.1:
  version "3.0.1"
  resolved "https://registry.npmjs.org/mitt/-/mitt-3.0.1.tgz"
  integrity sha512-vKivATfr97l2/QBCYAkXYDbrIWPM2IIKEl7YPhjCvKlG3kE2gm+uBo6nEXK3M5/Ffh/FLpKExzOQ3JJoJGFKBw==

nanoid@^3.3.7:
  version "3.3.7"
  resolved "https://registry.npmjs.org/nanoid/-/nanoid-3.3.7.tgz"
  integrity sha512-eSRppjcPIatRIMC1U6UngP8XFcz8MQWGQdt1MTBQ7NaAmvXDfvNxbvWV3x2y6CdEUciCSsDHDQZbhYaB8QEo2g==

oniguruma-to-js@0.4.3:
  version "0.4.3"
  resolved "https://registry.npmjs.org/oniguruma-to-js/-/oniguruma-to-js-0.4.3.tgz"
  integrity sha512-X0jWUcAlxORhOqqBREgPMgnshB7ZGYszBNspP+tS9hPD3l13CdaXcHbgImoHUHlrvGx/7AvFEkTRhAGYh+jzjQ==
  dependencies:
    regex "^4.3.2"

perfect-debounce@^1.0.0:
  version "1.0.0"
  resolved "https://registry.npmjs.org/perfect-debounce/-/perfect-debounce-1.0.0.tgz"
  integrity sha512-xCy9V055GLEqoFaHoC1SoLIaLmWctgCUaBaWxDZ7/Zx4CTyX7cJQLJOok/orfjZAh9kEYpjJa4d0KcJmCbctZA==

picocolors@^1.1.0:
  version "1.1.0"
  resolved "https://registry.npmjs.org/picocolors/-/picocolors-1.1.0.tgz"
  integrity sha512-TQ92mBOW0l3LeMeyLV6mzy/kWr8lkd/hp3mTg7wYK7zJhuBStmGMBG0BdeDZS/dZx1IukaX6Bk11zcln25o1Aw==

postcss@^8, postcss@^8.4.43, postcss@^8.4.47:
  version "8.4.47"
  resolved "https://registry.npmjs.org/postcss/-/postcss-8.4.47.tgz"
  integrity sha512-56rxCq7G/XfB4EkXq9Egn5GCqugWvDFjafDOThIdMBsI15iqPqR5r15TfSr1YPYeEI19YeaXMCbY6u88Y76GLQ==
  dependencies:
    nanoid "^3.3.7"
    picocolors "^1.1.0"
    source-map-js "^1.2.1"

preact@^10.0.0:
  version "10.24.0"
  resolved "https://registry.npmjs.org/preact/-/preact-10.24.0.tgz"
  integrity sha512-aK8Cf+jkfyuZ0ZZRG9FbYqwmEiGQ4y/PUO4SuTWoyWL244nZZh7bd5h2APd4rSNDYTBNghg1L+5iJN3Skxtbsw==

property-information@^6.0.0:
  version "6.5.0"
  resolved "https://registry.npmjs.org/property-information/-/property-information-6.5.0.tgz"
  integrity sha512-PgTgs/BlvHxOu8QuEN7wi5A0OmXaBcHpmCSTehcs6Uuu9IkDIEo13Hy7n898RHfrQ49vKCoGeWZSaAK01nwVig==

regex@^4.3.2:
  version "4.3.2"
  resolved "https://registry.npmjs.org/regex/-/regex-4.3.2.tgz"
  integrity sha512-kK/AA3A9K6q2js89+VMymcboLOlF5lZRCYJv3gzszXFHBr6kO6qLGzbm+UIugBEV8SMMKCTR59txoY6ctRHYVw==

rfdc@^1.4.1:
  version "1.4.1"
  resolved "https://registry.npmjs.org/rfdc/-/rfdc-1.4.1.tgz"
  integrity sha512-q1b3N5QkRUWUl7iyylaaj3kOpIT0N2i9MqIEQXP73GVsN9cw3fdx8X63cEmWhJGi2PPCF23Ijp7ktmd39rawIA==

rollup@^4.20.0:
  version "4.22.4"
  resolved "https://registry.npmjs.org/rollup/-/rollup-4.22.4.tgz"
  integrity sha512-vD8HJ5raRcWOyymsR6Z3o6+RzfEPCnVLMFJ6vRslO1jt4LO6dUo5Qnpg7y4RkZFM2DMe3WUirkI5c16onjrc6A==
  dependencies:
    "@types/estree" "1.0.5"
  optionalDependencies:
    "@rollup/rollup-android-arm-eabi" "4.22.4"
    "@rollup/rollup-android-arm64" "4.22.4"
    "@rollup/rollup-darwin-arm64" "4.22.4"
    "@rollup/rollup-darwin-x64" "4.22.4"
    "@rollup/rollup-linux-arm-gnueabihf" "4.22.4"
    "@rollup/rollup-linux-arm-musleabihf" "4.22.4"
    "@rollup/rollup-linux-arm64-gnu" "4.22.4"
    "@rollup/rollup-linux-arm64-musl" "4.22.4"
    "@rollup/rollup-linux-powerpc64le-gnu" "4.22.4"
    "@rollup/rollup-linux-riscv64-gnu" "4.22.4"
    "@rollup/rollup-linux-s390x-gnu" "4.22.4"
    "@rollup/rollup-linux-x64-gnu" "4.22.4"
    "@rollup/rollup-linux-x64-musl" "4.22.4"
    "@rollup/rollup-win32-arm64-msvc" "4.22.4"
    "@rollup/rollup-win32-ia32-msvc" "4.22.4"
    "@rollup/rollup-win32-x64-msvc" "4.22.4"
    fsevents "~2.3.2"

"search-insights@>= 1 < 3":
  version "2.17.2"
  resolved "https://registry.npmjs.org/search-insights/-/search-insights-2.17.2.tgz"
  integrity sha512-zFNpOpUO+tY2D85KrxJ+aqwnIfdEGi06UH2+xEb+Bp9Mwznmauqc9djbnBibJO5mpfUPPa8st6Sx65+vbeO45g==

shiki@^1.13.0, shiki@1.18.0:
  version "1.18.0"
  resolved "https://registry.npmjs.org/shiki/-/shiki-1.18.0.tgz"
  integrity sha512-8jo7tOXr96h9PBQmOHVrltnETn1honZZY76YA79MHheGQg55jBvbm9dtU+MI5pjC5NJCFuA6rvVTLVeSW5cE4A==
  dependencies:
    "@shikijs/core" "1.18.0"
    "@shikijs/engine-javascript" "1.18.0"
    "@shikijs/engine-oniguruma" "1.18.0"
    "@shikijs/types" "1.18.0"
    "@shikijs/vscode-textmate" "^9.2.2"
    "@types/hast" "^3.0.4"

source-map-js@^1.2.0, source-map-js@^1.2.1:
  version "1.2.1"
  resolved "https://registry.npmjs.org/source-map-js/-/source-map-js-1.2.1.tgz"
  integrity sha512-UXWMKhLOwVKb728IUtQPXxfYU+usdybtUrK/8uGE8CQMvrhOpwvzDBwj0QhSL7MQc7vIsISBG8VQ8+IDQxpfQA==

space-separated-tokens@^2.0.0:
  version "2.0.2"
  resolved "https://registry.npmjs.org/space-separated-tokens/-/space-separated-tokens-2.0.2.tgz"
  integrity sha512-PEGlAwrG8yXGXRjW32fGbg66JAlOAwbObuqVoJpv/mRgoWDQfgH1wDPvtzWyUSNAXBGSk8h755YDbbcEy3SH2Q==

speakingurl@^14.0.1:
  version "14.0.1"
  resolved "https://registry.npmjs.org/speakingurl/-/speakingurl-14.0.1.tgz"
  integrity sha512-1POYv7uv2gXoyGFpBCmpDVSNV74IfsWlDW216UPjbWufNf+bSU6GdbDsxdcxtfwb4xlI3yxzOTKClUosxARYrQ==

stringify-entities@^4.0.0:
  version "4.0.4"
  resolved "https://registry.npmjs.org/stringify-entities/-/stringify-entities-4.0.4.tgz"
  integrity sha512-IwfBptatlO+QCJUo19AqvrPNqlVMpW9YEL2LIVY+Rpv2qsjCGxaDLNRgeGsQWJhfItebuJhsGSLjaBbNSQ+ieg==
  dependencies:
    character-entities-html4 "^2.0.0"
    character-entities-legacy "^3.0.0"

superjson@^2.2.1:
  version "2.2.1"
  resolved "https://registry.npmjs.org/superjson/-/superjson-2.2.1.tgz"
  integrity sha512-8iGv75BYOa0xRJHK5vRLEjE2H/i4lulTjzpUXic3Eg8akftYjkmQDa8JARQ42rlczXyFR3IeRoeFCc7RxHsYZA==
  dependencies:
    copy-anything "^3.0.2"

tabbable@^6.2.0:
  version "6.2.0"
  resolved "https://registry.npmjs.org/tabbable/-/tabbable-6.2.0.tgz"
  integrity sha512-Cat63mxsVJlzYvN51JmVXIgNoUokrIaT2zLclCXjRd8boZ0004U4KCs/sToJ75C6sdlByWxpYnb5Boif1VSFew==

to-fast-properties@^2.0.0:
  version "2.0.0"
  resolved "https://registry.npmjs.org/to-fast-properties/-/to-fast-properties-2.0.0.tgz"
  integrity sha512-/OaKK0xYrs3DmxRYqL/yDc+FxFUVYhDlXMhRmv3z915w2HF1tnN1omB354j8VUGO/hbRzyD6Y3sA7v7GS/ceog==

trim-lines@^3.0.0:
  version "3.0.1"
  resolved "https://registry.npmjs.org/trim-lines/-/trim-lines-3.0.1.tgz"
  integrity sha512-kRj8B+YHZCc9kQYdWfJB2/oUl9rA99qbowYYBtr4ui4mZyAQ2JpvVBd/6U2YloATfqBhBTSMhTpgBHtU0Mf3Rg==

unist-util-is@^6.0.0:
  version "6.0.0"
  resolved "https://registry.npmjs.org/unist-util-is/-/unist-util-is-6.0.0.tgz"
  integrity sha512-2qCTHimwdxLfz+YzdGfkqNlH0tLi9xjTnHddPmJwtIG9MGsdbutfTc4P+haPD7l7Cjxf/WZj+we5qfVPvvxfYw==
  dependencies:
    "@types/unist" "^3.0.0"

unist-util-position@^5.0.0:
  version "5.0.0"
  resolved "https://registry.npmjs.org/unist-util-position/-/unist-util-position-5.0.0.tgz"
  integrity sha512-fucsC7HjXvkB5R3kTCO7kUjRdrS0BJt3M/FPxmHMBOm8JQi2BsHAHFsy27E0EolP8rp0NzXsJ+jNPyDWvOJZPA==
  dependencies:
    "@types/unist" "^3.0.0"

unist-util-stringify-position@^4.0.0:
  version "4.0.0"
  resolved "https://registry.npmjs.org/unist-util-stringify-position/-/unist-util-stringify-position-4.0.0.tgz"
  integrity sha512-0ASV06AAoKCDkS2+xw5RXJywruurpbC4JZSm7nr7MOt1ojAzvyyaO+UxZf18j8FCF6kmzCZKcAgN/yu2gm2XgQ==
  dependencies:
    "@types/unist" "^3.0.0"

unist-util-visit-parents@^6.0.0:
  version "6.0.1"
  resolved "https://registry.npmjs.org/unist-util-visit-parents/-/unist-util-visit-parents-6.0.1.tgz"
  integrity sha512-L/PqWzfTP9lzzEa6CKs0k2nARxTdZduw3zyh8d2NVBnsyvHjSX4TWse388YrrQKbvI8w20fGjGlhgT96WwKykw==
  dependencies:
    "@types/unist" "^3.0.0"
    unist-util-is "^6.0.0"

unist-util-visit@^5.0.0:
  version "5.0.0"
  resolved "https://registry.npmjs.org/unist-util-visit/-/unist-util-visit-5.0.0.tgz"
  integrity sha512-MR04uvD+07cwl/yhVuVWAtw+3GOR/knlL55Nd/wAdblk27GCVt3lqpTivy/tkJcZoNPzTwS1Y+KMojlLDhoTzg==
  dependencies:
    "@types/unist" "^3.0.0"
    unist-util-is "^6.0.0"
    unist-util-visit-parents "^6.0.0"

vfile-message@^4.0.0:
  version "4.0.2"
  resolved "https://registry.npmjs.org/vfile-message/-/vfile-message-4.0.2.tgz"
  integrity sha512-jRDZ1IMLttGj41KcZvlrYAaI3CfqpLpfpf+Mfig13viT6NKvRzWZ+lXz0Y5D60w6uJIBAOGq9mSHf0gktF0duw==
  dependencies:
    "@types/unist" "^3.0.0"
    unist-util-stringify-position "^4.0.0"

vfile@^6.0.0:
  version "6.0.3"
  resolved "https://registry.npmjs.org/vfile/-/vfile-6.0.3.tgz"
  integrity sha512-KzIbH/9tXat2u30jf+smMwFCsno4wHVdNmzFyL+T/L3UGqqk6JKfVqOFOZEpZSHADH1k40ab6NUIXZq422ov3Q==
  dependencies:
    "@types/unist" "^3.0.0"
    vfile-message "^4.0.0"

vite@^5.0.0, vite@^5.4.1:
  version "5.4.7"
  resolved "https://registry.npmjs.org/vite/-/vite-5.4.7.tgz"
  integrity sha512-5l2zxqMEPVENgvzTuBpHer2awaetimj2BGkhBPdnwKbPNOlHsODU+oiazEZzLK7KhAnOrO+XGYJYn4ZlUhDtDQ==
  dependencies:
    esbuild "^0.21.3"
    postcss "^8.4.43"
    rollup "^4.20.0"
  optionalDependencies:
    fsevents "~2.3.3"

vitepress-plugin-tabs@^0.5.0:
  version "0.5.0"
  resolved "https://registry.npmjs.org/vitepress-plugin-tabs/-/vitepress-plugin-tabs-0.5.0.tgz"
  integrity sha512-SIhFWwGsUkTByfc2b279ray/E0Jt8vDTsM1LiHxmCOBAEMmvzIBZSuYYT1DpdDTiS3SuJieBheJkYnwCq/yD9A==

vitepress@^1.0.0-rc.27, vitepress@^1.3.4:
  version "1.3.4"
  resolved "https://registry.npmjs.org/vitepress/-/vitepress-1.3.4.tgz"
  integrity sha512-I1/F6OW1xl3kW4PaIMC6snxjWgf3qfziq2aqsDoFc/Gt41WbcRv++z8zjw8qGRIJ+I4bUW7ZcKFDHHN/jkH9DQ==
  dependencies:
    "@docsearch/css" "^3.6.1"
    "@docsearch/js" "^3.6.1"
    "@shikijs/core" "^1.13.0"
    "@shikijs/transformers" "^1.13.0"
    "@types/markdown-it" "^14.1.2"
    "@vitejs/plugin-vue" "^5.1.2"
    "@vue/devtools-api" "^7.3.8"
    "@vue/shared" "^3.4.38"
    "@vueuse/core" "^11.0.0"
    "@vueuse/integrations" "^11.0.0"
    focus-trap "^7.5.4"
    mark.js "8.11.1"
    minisearch "^7.1.0"
    shiki "^1.13.0"
    vite "^5.4.1"
    vue "^3.4.38"

vue-demi@>=0.14.10:
  version "0.14.10"
  resolved "https://registry.npmjs.org/vue-demi/-/vue-demi-0.14.10.tgz"
  integrity sha512-nMZBOwuzabUO0nLgIcc6rycZEebF6eeUfaiQx9+WSk8e29IbLvPU9feI6tqW4kTo3hvoYAJkMh8n8D0fuISphg==

"vue@^3.0.0-0 || ^2.6.0", vue@^3.2.25, vue@^3.3.8, vue@^3.4.38, vue@3.5.8:
  version "3.5.8"
  resolved "https://registry.npmjs.org/vue/-/vue-3.5.8.tgz"
  integrity sha512-hvuvuCy51nP/1fSRvrrIqTLSvrSyz2Pq+KQ8S8SXCxTWVE0nMaOnSDnSOxV1eYmGfvK7mqiwvd1C59CEEz7dAQ==
  dependencies:
    "@vue/compiler-dom" "3.5.8"
    "@vue/compiler-sfc" "3.5.8"
    "@vue/runtime-dom" "3.5.8"
    "@vue/server-renderer" "3.5.8"
    "@vue/shared" "3.5.8"

zwitch@^2.0.4:
  version "2.0.4"
  resolved "https://registry.npmjs.org/zwitch/-/zwitch-2.0.4.tgz"
  integrity sha512-bXE4cR/kVZhKZX/RjPEflHaKVhUVl85noU3v6b8apfQEc1x4A+zBxjZ4lN8LqGd6WZ3dl98pY4o717VFmoPp+A==
